// !$*UTF8*$!
{
	archiveVersion = 1;
	classes = {
	};
	objectVersion = 56;
	objects = {

/* Begin PBXBuildFile section */
		8A53B8642B4462F900512F4E /* IOSDevelopLearnApp.swift in Sources */ = {isa = PBXBuildFile; fileRef = 8A53B8632B4462F900512F4E /* IOSDevelopLearnApp.swift */; };
		8A53B8662B4462F900512F4E /* ContentView.swift in Sources */ = {isa = PBXBuildFile; fileRef = 8A53B8652B4462F900512F4E /* ContentView.swift */; };
		8A53B8682B4462FB00512F4E /* Assets.xcassets in Resources */ = {isa = PBXBuildFile; fileRef = 8A53B8672B4462FB00512F4E /* Assets.xcassets */; };
		8A53B86B2B4462FB00512F4E /* Preview Assets.xcassets in Resources */ = {isa = PBXBuildFile; fileRef = 8A53B86A2B4462FB00512F4E /* Preview Assets.xcassets */; };
		8A53B8732B44632300512F4E /* Prefecture.swift in Sources */ = {isa = PBXBuildFile; fileRef = 8A53B8722B44632300512F4E /* Prefecture.swift */; };
		8A53B8762B4464BE00512F4E /* PrefecturesView.swift in Sources */ = {isa = PBXBuildFile; fileRef = 8A53B8752B4464BE00512F4E /* PrefecturesView.swift */; };
		8A53B8782B44662700512F4E /* PrefectureDetail.swift in Sources */ = {isa = PBXBuildFile; fileRef = 8A53B8772B44662700512F4E /* PrefectureDetail.swift */; };
		8A53B87A2B45490000512F4E /* DatePickerView.swift in Sources */ = {isa = PBXBuildFile; fileRef = 8A53B8792B45490000512F4E /* DatePickerView.swift */; };
		8A53B87D2B4550BA00512F4E /* NavigationLinkContent.swift in Sources */ = {isa = PBXBuildFile; fileRef = 8A53B87C2B4550BA00512F4E /* NavigationLinkContent.swift */; };
		8A53B8802B463B7700512F4E /* ApiProxy.swift in Sources */ = {isa = PBXBuildFile; fileRef = 8A53B87F2B463B7700512F4E /* ApiProxy.swift */; };
		8A53B8822B463CB100512F4E /* Post.swift in Sources */ = {isa = PBXBuildFile; fileRef = 8A53B8812B463CB100512F4E /* Post.swift */; };
		8A53B8842B463EBF00512F4E /* CallApiView.swift in Sources */ = {isa = PBXBuildFile; fileRef = 8A53B8832B463EBF00512F4E /* CallApiView.swift */; };
		8A53B88A2B464E1400512F4E /* Models.xcdatamodeld in Sources */ = {isa = PBXBuildFile; fileRef = 8A53B8882B464E1400512F4E /* Models.xcdatamodeld */; };
		8A53B88C2B464F6800512F4E /* TaskListView.swift in Sources */ = {isa = PBXBuildFile; fileRef = 8A53B88B2B464F6800512F4E /* TaskListView.swift */; };
		8A53B88E2B465A6B00512F4E /* PersistanceController.swift in Sources */ = {isa = PBXBuildFile; fileRef = 8A53B88D2B465A6B00512F4E /* PersistanceController.swift */; };
/* End PBXBuildFile section */

/* Begin PBXFileReference section */
		8A53B8602B4462F900512F4E /* IOSDevelopLearn.app */ = {isa = PBXFileReference; explicitFileType = wrapper.application; includeInIndex = 0; path = IOSDevelopLearn.app; sourceTree = BUILT_PRODUCTS_DIR; };
		8A53B8632B4462F900512F4E /* IOSDevelopLearnApp.swift */ = {isa = PBXFileReference; lastKnownFileType = sourcecode.swift; path = IOSDevelopLearnApp.swift; sourceTree = "<group>"; };
		8A53B8652B4462F900512F4E /* ContentView.swift */ = {isa = PBXFileReference; lastKnownFileType = sourcecode.swift; path = ContentView.swift; sourceTree = "<group>"; };
		8A53B8672B4462FB00512F4E /* Assets.xcassets */ = {isa = PBXFileReference; lastKnownFileType = folder.assetcatalog; path = Assets.xcassets; sourceTree = "<group>"; };
		8A53B86A2B4462FB00512F4E /* Preview Assets.xcassets */ = {isa = PBXFileReference; lastKnownFileType = folder.assetcatalog; path = "Preview Assets.xcassets"; sourceTree = "<group>"; };
		8A53B8722B44632300512F4E /* Prefecture.swift */ = {isa = PBXFileReference; lastKnownFileType = sourcecode.swift; path = Prefecture.swift; sourceTree = "<group>"; };
		8A53B8752B4464BE00512F4E /* PrefecturesView.swift */ = {isa = PBXFileReference; lastKnownFileType = sourcecode.swift; path = PrefecturesView.swift; sourceTree = "<group>"; };
		8A53B8772B44662700512F4E /* PrefectureDetail.swift */ = {isa = PBXFileReference; lastKnownFileType = sourcecode.swift; path = PrefectureDetail.swift; sourceTree = "<group>"; };
		8A53B8792B45490000512F4E /* DatePickerView.swift */ = {isa = PBXFileReference; lastKnownFileType = sourcecode.swift; path = DatePickerView.swift; sourceTree = "<group>"; };
		8A53B87C2B4550BA00512F4E /* NavigationLinkContent.swift */ = {isa = PBXFileReference; lastKnownFileType = sourcecode.swift; path = NavigationLinkContent.swift; sourceTree = "<group>"; };
		8A53B87F2B463B7700512F4E /* ApiProxy.swift */ = {isa = PBXFileReference; lastKnownFileType = sourcecode.swift; path = ApiProxy.swift; sourceTree = "<group>"; };
		8A53B8812B463CB100512F4E /* Post.swift */ = {isa = PBXFileReference; lastKnownFileType = sourcecode.swift; path = Post.swift; sourceTree = "<group>"; };
		8A53B8832B463EBF00512F4E /* CallApiView.swift */ = {isa = PBXFileReference; lastKnownFileType = sourcecode.swift; path = CallApiView.swift; sourceTree = "<group>"; };
		8A53B8892B464E1400512F4E /* Task.xcdatamodel */ = {isa = PBXFileReference; lastKnownFileType = wrapper.xcdatamodel; path = Task.xcdatamodel; sourceTree = "<group>"; };
		8A53B88B2B464F6800512F4E /* TaskListView.swift */ = {isa = PBXFileReference; lastKnownFileType = sourcecode.swift; path = TaskListView.swift; sourceTree = "<group>"; };
		8A53B88D2B465A6B00512F4E /* PersistanceController.swift */ = {isa = PBXFileReference; lastKnownFileType = sourcecode.swift; path = PersistanceController.swift; sourceTree = "<group>"; };
/* End PBXFileReference section */

/* Begin PBXFrameworksBuildPhase section */
		8A53B85D2B4462F900512F4E /* Frameworks */ = {
			isa = PBXFrameworksBuildPhase;
			buildActionMask = 2147483647;
			files = (
			);
			runOnlyForDeploymentPostprocessing = 0;
		};
/* End PBXFrameworksBuildPhase section */

/* Begin PBXGroup section */
		8A53B8572B4462F900512F4E = {
			isa = PBXGroup;
			children = (
				8A53B8872B464DE800512F4E /* LocalData */,
				8A53B87E2B463B5400512F4E /* Api */,
				8A53B8742B4464AC00512F4E /* UI */,
				8A53B8712B44630600512F4E /* Model */,
				8A53B8622B4462F900512F4E /* IOSDevelopLearn */,
				8A53B8612B4462F900512F4E /* Products */,
			);
			sourceTree = "<group>";
		};
		8A53B8612B4462F900512F4E /* Products */ = {
			isa = PBXGroup;
			children = (
				8A53B8602B4462F900512F4E /* IOSDevelopLearn.app */,
			);
			name = Products;
			sourceTree = "<group>";
		};
		8A53B8622B4462F900512F4E /* IOSDevelopLearn */ = {
			isa = PBXGroup;
			children = (
				8A53B8632B4462F900512F4E /* IOSDevelopLearnApp.swift */,
				8A53B8652B4462F900512F4E /* ContentView.swift */,
				8A53B8672B4462FB00512F4E /* Assets.xcassets */,
				8A53B8692B4462FB00512F4E /* Preview Content */,
			);
			path = IOSDevelopLearn;
			sourceTree = "<group>";
		};
		8A53B8692B4462FB00512F4E /* Preview Content */ = {
			isa = PBXGroup;
			children = (
				8A53B86A2B4462FB00512F4E /* Preview Assets.xcassets */,
			);
			path = "Preview Content";
			sourceTree = "<group>";
		};
		8A53B8712B44630600512F4E /* Model */ = {
			isa = PBXGroup;
			children = (
				8A53B8722B44632300512F4E /* Prefecture.swift */,
				8A53B8812B463CB100512F4E /* Post.swift */,
			);
			path = Model;
			sourceTree = "<group>";
		};
		8A53B8742B4464AC00512F4E /* UI */ = {
			isa = PBXGroup;
			children = (
				8A53B8752B4464BE00512F4E /* PrefecturesView.swift */,
				8A53B8772B44662700512F4E /* PrefectureDetail.swift */,
				8A53B8792B45490000512F4E /* DatePickerView.swift */,
				8A53B87C2B4550BA00512F4E /* NavigationLinkContent.swift */,
				8A53B8832B463EBF00512F4E /* CallApiView.swift */,
				8A53B88B2B464F6800512F4E /* TaskListView.swift */,
			);
			path = UI;
			sourceTree = "<group>";
		};
		8A53B87E2B463B5400512F4E /* Api */ = {
			isa = PBXGroup;
			children = (
				8A53B87F2B463B7700512F4E /* ApiProxy.swift */,
			);
			path = Api;
			sourceTree = "<group>";
		};
		8A53B8872B464DE800512F4E /* LocalData */ = {
			isa = PBXGroup;
			children = (
				8A53B8882B464E1400512F4E /* Models.xcdatamodeld */,
				8A53B88D2B465A6B00512F4E /* PersistanceController.swift */,
			);
			path = LocalData;
			sourceTree = "<group>";
		};
/* End PBXGroup section */

/* Begin PBXNativeTarget section */
		8A53B85F2B4462F900512F4E /* IOSDevelopLearn */ = {
			isa = PBXNativeTarget;
			buildConfigurationList = 8A53B86E2B4462FB00512F4E /* Build configuration list for PBXNativeTarget "IOSDevelopLearn" */;
			buildPhases = (
				8A53B85C2B4462F900512F4E /* Sources */,
				8A53B85D2B4462F900512F4E /* Frameworks */,
				8A53B85E2B4462F900512F4E /* Resources */,
			);
			buildRules = (
			);
			dependencies = (
			);
			name = IOSDevelopLearn;
			productName = IOSDevelopLearn;
			productReference = 8A53B8602B4462F900512F4E /* IOSDevelopLearn.app */;
			productType = "com.apple.product-type.application";
		};
/* End PBXNativeTarget section */

/* Begin PBXProject section */
		8A53B8582B4462F900512F4E /* Project object */ = {
			isa = PBXProject;
			attributes = {
				BuildIndependentTargetsInParallel = 1;
				LastSwiftUpdateCheck = 1510;
				LastUpgradeCheck = 1510;
				TargetAttributes = {
					8A53B85F2B4462F900512F4E = {
						CreatedOnToolsVersion = 15.1;
					};
				};
			};
			buildConfigurationList = 8A53B85B2B4462F900512F4E /* Build configuration list for PBXProject "IOSDevelopLearn" */;
			compatibilityVersion = "Xcode 14.0";
			developmentRegion = en;
			hasScannedForEncodings = 0;
			knownRegions = (
				en,
				Base,
			);
			mainGroup = 8A53B8572B4462F900512F4E;
			productRefGroup = 8A53B8612B4462F900512F4E /* Products */;
			projectDirPath = "";
			projectRoot = "";
			targets = (
				8A53B85F2B4462F900512F4E /* IOSDevelopLearn */,
			);
		};
/* End PBXProject section */

/* Begin PBXResourcesBuildPhase section */
		8A53B85E2B4462F900512F4E /* Resources */ = {
			isa = PBXResourcesBuildPhase;
			buildActionMask = 2147483647;
			files = (
				8A53B86B2B4462FB00512F4E /* Preview Assets.xcassets in Resources */,
				8A53B8682B4462FB00512F4E /* Assets.xcassets in Resources */,
			);
			runOnlyForDeploymentPostprocessing = 0;
		};
/* End PBXResourcesBuildPhase section */

/* Begin PBXSourcesBuildPhase section */
		8A53B85C2B4462F900512F4E /* Sources */ = {
			isa = PBXSourcesBuildPhase;
			buildActionMask = 2147483647;
			files = (
				8A53B8732B44632300512F4E /* Prefecture.swift in Sources */,
				8A53B88A2B464E1400512F4E /* Models.xcdatamodeld in Sources */,
				8A53B8782B44662700512F4E /* PrefectureDetail.swift in Sources */,
				8A53B8662B4462F900512F4E /* ContentView.swift in Sources */,
				8A53B8642B4462F900512F4E /* IOSDevelopLearnApp.swift in Sources */,
				8A53B88E2B465A6B00512F4E /* PersistanceController.swift in Sources */,
				8A53B8762B4464BE00512F4E /* PrefecturesView.swift in Sources */,
				8A53B8802B463B7700512F4E /* ApiProxy.swift in Sources */,
				8A53B8822B463CB100512F4E /* Post.swift in Sources */,
				8A53B87D2B4550BA00512F4E /* NavigationLinkContent.swift in Sources */,
				8A53B87A2B45490000512F4E /* DatePickerView.swift in Sources */,
				8A53B8842B463EBF00512F4E /* CallApiView.swift in Sources */,
				8A53B88C2B464F6800512F4E /* TaskListView.swift in Sources */,
			);
			runOnlyForDeploymentPostprocessing = 0;
		};
/* End PBXSourcesBuildPhase section */

/* Begin XCBuildConfiguration section */
		8A53B86C2B4462FB00512F4E /* Debug */ = {
			isa = XCBuildConfiguration;
			buildSettings = {
				ALWAYS_SEARCH_USER_PATHS = NO;
				ASSETCATALOG_COMPILER_GENERATE_SWIFT_ASSET_SYMBOL_EXTENSIONS = YES;
				CLANG_ANALYZER_NONNULL = YES;
				CLANG_ANALYZER_NUMBER_OBJECT_CONVERSION = YES_AGGRESSIVE;
				CLANG_CXX_LANGUAGE_STANDARD = "gnu++20";
				CLANG_ENABLE_MODULES = YES;
				CLANG_ENABLE_OBJC_ARC = YES;
				CLANG_ENABLE_OBJC_WEAK = YES;
				CLANG_WARN_BLOCK_CAPTURE_AUTORELEASING = YES;
				CLANG_WARN_BOOL_CONVERSION = YES;
				CLANG_WARN_COMMA = YES;
				CLANG_WARN_CONSTANT_CONVERSION = YES;
				CLANG_WARN_DEPRECATED_OBJC_IMPLEMENTATIONS = YES;
				CLANG_WARN_DIRECT_OBJC_ISA_USAGE = YES_ERROR;
				CLANG_WARN_DOCUMENTATION_COMMENTS = YES;
				CLANG_WARN_EMPTY_BODY = YES;
				CLANG_WARN_ENUM_CONVERSION = YES;
				CLANG_WARN_INFINITE_RECURSION = YES;
				CLANG_WARN_INT_CONVERSION = YES;
				CLANG_WARN_NON_LITERAL_NULL_CONVERSION = YES;
				CLANG_WARN_OBJC_IMPLICIT_RETAIN_SELF = YES;
				CLANG_WARN_OBJC_LITERAL_CONVERSION = YES;
				CLANG_WARN_OBJC_ROOT_CLASS = YES_ERROR;
				CLANG_WARN_QUOTED_INCLUDE_IN_FRAMEWORK_HEADER = YES;
				CLANG_WARN_RANGE_LOOP_ANALYSIS = YES;
				CLANG_WARN_STRICT_PROTOTYPES = YES;
				CLANG_WARN_SUSPICIOUS_MOVE = YES;
				CLANG_WARN_UNGUARDED_AVAILABILITY = YES_AGGRESSIVE;
				CLANG_WARN_UNREACHABLE_CODE = YES;
				CLANG_WARN__DUPLICATE_METHOD_MATCH = YES;
				COPY_PHASE_STRIP = NO;
				DEBUG_INFORMATION_FORMAT = dwarf;
				ENABLE_STRICT_OBJC_MSGSEND = YES;
				ENABLE_TESTABILITY = YES;
				ENABLE_USER_SCRIPT_SANDBOXING = YES;
				GCC_C_LANGUAGE_STANDARD = gnu17;
				GCC_DYNAMIC_NO_PIC = NO;
				GCC_NO_COMMON_BLOCKS = YES;
				GCC_OPTIMIZATION_LEVEL = 0;
				GCC_PREPROCESSOR_DEFINITIONS = (
					"DEBUG=1",
					"$(inherited)",
				);
				GCC_WARN_64_TO_32_BIT_CONVERSION = YES;
				GCC_WARN_ABOUT_RETURN_TYPE = YES_ERROR;
				GCC_WARN_UNDECLARED_SELECTOR = YES;
				GCC_WARN_UNINITIALIZED_AUTOS = YES_AGGRESSIVE;
				GCC_WARN_UNUSED_FUNCTION = YES;
				GCC_WARN_UNUSED_VARIABLE = YES;
				IPHONEOS_DEPLOYMENT_TARGET = 17.2;
				LOCALIZATION_PREFERS_STRING_CATALOGS = YES;
				MTL_ENABLE_DEBUG_INFO = INCLUDE_SOURCE;
				MTL_FAST_MATH = YES;
				ONLY_ACTIVE_ARCH = YES;
				SDKROOT = iphoneos;
				SWIFT_ACTIVE_COMPILATION_CONDITIONS = "DEBUG $(inherited)";
				SWIFT_OPTIMIZATION_LEVEL = "-Onone";
			};
			name = Debug;
		};
		8A53B86D2B4462FB00512F4E /* Release */ = {
			isa = XCBuildConfiguration;
			buildSettings = {
				ALWAYS_SEARCH_USER_PATHS = NO;
				ASSETCATALOG_COMPILER_GENERATE_SWIFT_ASSET_SYMBOL_EXTENSIONS = YES;
				CLANG_ANALYZER_NONNULL = YES;
				CLANG_ANALYZER_NUMBER_OBJECT_CONVERSION = YES_AGGRESSIVE;
				CLANG_CXX_LANGUAGE_STANDARD = "gnu++20";
				CLANG_ENABLE_MODULES = YES;
				CLANG_ENABLE_OBJC_ARC = YES;
				CLANG_ENABLE_OBJC_WEAK = YES;
				CLANG_WARN_BLOCK_CAPTURE_AUTORELEASING = YES;
				CLANG_WARN_BOOL_CONVERSION = YES;
				CLANG_WARN_COMMA = YES;
				CLANG_WARN_CONSTANT_CONVERSION = YES;
				CLANG_WARN_DEPRECATED_OBJC_IMPLEMENTATIONS = YES;
				CLANG_WARN_DIRECT_OBJC_ISA_USAGE = YES_ERROR;
				CLANG_WARN_DOCUMENTATION_COMMENTS = YES;
				CLANG_WARN_EMPTY_BODY = YES;
				CLANG_WARN_ENUM_CONVERSION = YES;
				CLANG_WARN_INFINITE_RECURSION = YES;
				CLANG_WARN_INT_CONVERSION = YES;
				CLANG_WARN_NON_LITERAL_NULL_CONVERSION = YES;
				CLANG_WARN_OBJC_IMPLICIT_RETAIN_SELF = YES;
				CLANG_WARN_OBJC_LITERAL_CONVERSION = YES;
				CLANG_WARN_OBJC_ROOT_CLASS = YES_ERROR;
				CLANG_WARN_QUOTED_INCLUDE_IN_FRAMEWORK_HEADER = YES;
				CLANG_WARN_RANGE_LOOP_ANALYSIS = YES;
				CLANG_WARN_STRICT_PROTOTYPES = YES;
				CLANG_WARN_SUSPICIOUS_MOVE = YES;
				CLANG_WARN_UNGUARDED_AVAILABILITY = YES_AGGRESSIVE;
				CLANG_WARN_UNREACHABLE_CODE = YES;
				CLANG_WARN__DUPLICATE_METHOD_MATCH = YES;
				COPY_PHASE_STRIP = NO;
				DEBUG_INFORMATION_FORMAT = "dwarf-with-dsym";
				ENABLE_NS_ASSERTIONS = NO;
				ENABLE_STRICT_OBJC_MSGSEND = YES;
				ENABLE_USER_SCRIPT_SANDBOXING = YES;
				GCC_C_LANGUAGE_STANDARD = gnu17;
				GCC_NO_COMMON_BLOCKS = YES;
				GCC_WARN_64_TO_32_BIT_CONVERSION = YES;
				GCC_WARN_ABOUT_RETURN_TYPE = YES_ERROR;
				GCC_WARN_UNDECLARED_SELECTOR = YES;
				GCC_WARN_UNINITIALIZED_AUTOS = YES_AGGRESSIVE;
				GCC_WARN_UNUSED_FUNCTION = YES;
				GCC_WARN_UNUSED_VARIABLE = YES;
				IPHONEOS_DEPLOYMENT_TARGET = 17.2;
				LOCALIZATION_PREFERS_STRING_CATALOGS = YES;
				MTL_ENABLE_DEBUG_INFO = NO;
				MTL_FAST_MATH = YES;
				SDKROOT = iphoneos;
				SWIFT_COMPILATION_MODE = wholemodule;
				VALIDATE_PRODUCT = YES;
			};
			name = Release;
		};
		8A53B86F2B4462FB00512F4E /* Debug */ = {
			isa = XCBuildConfiguration;
			buildSettings = {
				ASSETCATALOG_COMPILER_APPICON_NAME = AppIcon;
				ASSETCATALOG_COMPILER_GLOBAL_ACCENT_COLOR_NAME = AccentColor;
				CODE_SIGN_STYLE = Automatic;
				CURRENT_PROJECT_VERSION = 1;
				DEVELOPMENT_ASSET_PATHS = "\"IOSDevelopLearn/Preview Content\"";
				DEVELOPMENT_TEAM = T6GQYL4LTZ;
				ENABLE_PREVIEWS = YES;
				GENERATE_INFOPLIST_FILE = YES;
				INFOPLIST_KEY_UIApplicationSceneManifest_Generation = YES;
				INFOPLIST_KEY_UIApplicationSupportsIndirectInputEvents = YES;
				INFOPLIST_KEY_UILaunchScreen_Generation = YES;
				INFOPLIST_KEY_UISupportedInterfaceOrientations_iPad = "UIInterfaceOrientationPortrait UIInterfaceOrientationPortraitUpsideDown UIInterfaceOrientationLandscapeLeft UIInterfaceOrientationLandscapeRight";
				INFOPLIST_KEY_UISupportedInterfaceOrientations_iPhone = "UIInterfaceOrientationPortrait UIInterfaceOrientationLandscapeLeft UIInterfaceOrientationLandscapeRight";
				IPHONEOS_DEPLOYMENT_TARGET = 16.0;
				LD_RUNPATH_SEARCH_PATHS = (
					"$(inherited)",
					"@executable_path/Frameworks",
				);
				MARKETING_VERSION = 1.0;
				PRODUCT_BUNDLE_IDENTIFIER = com.yuuta.IOSDevelopLearn;
				PRODUCT_NAME = "$(TARGET_NAME)";
				SWIFT_EMIT_LOC_STRINGS = YES;
				SWIFT_VERSION = 5.0;
				TARGETED_DEVICE_FAMILY = "1,2";
			};
			name = Debug;
		};
		8A53B8702B4462FB00512F4E /* Release */ = {
			isa = XCBuildConfiguration;
			buildSettings = {
				ASSETCATALOG_COMPILER_APPICON_NAME = AppIcon;
				ASSETCATALOG_COMPILER_GLOBAL_ACCENT_COLOR_NAME = AccentColor;
				CODE_SIGN_STYLE = Automatic;
				CURRENT_PROJECT_VERSION = 1;
				DEVELOPMENT_ASSET_PATHS = "\"IOSDevelopLearn/Preview Content\"";
				DEVELOPMENT_TEAM = T6GQYL4LTZ;
				ENABLE_PREVIEWS = YES;
				GENERATE_INFOPLIST_FILE = YES;
				INFOPLIST_KEY_UIApplicationSceneManifest_Generation = YES;
				INFOPLIST_KEY_UIApplicationSupportsIndirectInputEvents = YES;
				INFOPLIST_KEY_UILaunchScreen_Generation = YES;
				INFOPLIST_KEY_UISupportedInterfaceOrientations_iPad = "UIInterfaceOrientationPortrait UIInterfaceOrientationPortraitUpsideDown UIInterfaceOrientationLandscapeLeft UIInterfaceOrientationLandscapeRight";
				INFOPLIST_KEY_UISupportedInterfaceOrientations_iPhone = "UIInterfaceOrientationPortrait UIInterfaceOrientationLandscapeLeft UIInterfaceOrientationLandscapeRight";
				IPHONEOS_DEPLOYMENT_TARGET = 16.0;
				LD_RUNPATH_SEARCH_PATHS = (
					"$(inherited)",
					"@executable_path/Frameworks",
				);
				MARKETING_VERSION = 1.0;
				PRODUCT_BUNDLE_IDENTIFIER = com.yuuta.IOSDevelopLearn;
				PRODUCT_NAME = "$(TARGET_NAME)";
				SWIFT_EMIT_LOC_STRINGS = YES;
				SWIFT_VERSION = 5.0;
				TARGETED_DEVICE_FAMILY = "1,2";
			};
			name = Release;
		};
/* End XCBuildConfiguration section */

/* Begin XCConfigurationList section */
		8A53B85B2B4462F900512F4E /* Build configuration list for PBXProject "IOSDevelopLearn" */ = {
			isa = XCConfigurationList;
			buildConfigurations = (
				8A53B86C2B4462FB00512F4E /* Debug */,
				8A53B86D2B4462FB00512F4E /* Release */,
			);
			defaultConfigurationIsVisible = 0;
			defaultConfigurationName = Release;
		};
		8A53B86E2B4462FB00512F4E /* Build configuration list for PBXNativeTarget "IOSDevelopLearn" */ = {
			isa = XCConfigurationList;
			buildConfigurations = (
				8A53B86F2B4462FB00512F4E /* Debug */,
				8A53B8702B4462FB00512F4E /* Release */,
			);
			defaultConfigurationIsVisible = 0;
			defaultConfigurationName = Release;
		};
/* End XCConfigurationList section */

/* Begin XCVersionGroup section */
		8A53B8882B464E1400512F4E /* Models.xcdatamodeld */ = {
			isa = XCVersionGroup;
			children = (
				8A53B8892B464E1400512F4E /* Task.xcdatamodel */,
			);
			currentVersion = 8A53B8892B464E1400512F4E /* Task.xcdatamodel */;
			path = Models.xcdatamodeld;
			sourceTree = "<group>";
			versionGroupType = wrapper.xcdatamodel;
		};
/* End XCVersionGroup section */
	};
	rootObject = 8A53B8582B4462F900512F4E /* Project object */;
}
